
Microsoft Visual Studio Solution File, Format Version 12.00
# Visual Studio Version 17
VisualStudioVersion = 17.8.34316.72
MinimumVisualStudioVersion = 10.0.40219.1
Project("{9A19103F-16F7-4668-BE54-9A1E7A4F7556}") = "Bramka.Client", "Bramka.Client\Bramka.Client.csproj", "{AA72BB6B-B65D-4F89-A8DB-90E1EBFA90FC}"
EndProject
Project("{FAE04EC0-301F-11D3-BF4B-00C04F79EFBC}") = "Bramka.Server", "Bramka.Server\Bramka.Server.csproj", "{D7F12427-69DF-47A7-902C-C5430BFA92B8}"
EndProject
Project("{FAE04EC0-301F-11D3-BF4B-00C04F79EFBC}") = "Bramka.Shared", "Bramka.Shared\Bramka.Shared.csproj", "{EC32C650-F9DD-41D8-8896-3F2F09EB013D}"
EndProject
Global
	GlobalSection(SolutionConfigurationPlatforms) = preSolution
		Debug|Any CPU = Debug|Any CPU
		Release|Any CPU = Release|Any CPU
	EndGlobalSection
	GlobalSection(ProjectConfigurationPlatforms) = postSolution
		{AA72BB6B-B65D-4F89-A8DB-90E1EBFA90FC}.Debug|Any CPU.ActiveCfg = Debug|Any CPU
		{AA72BB6B-B65D-4F89-A8DB-90E1EBFA90FC}.Debug|Any CPU.Build.0 = Debug|Any CPU
		{AA72BB6B-B65D-4F89-A8DB-90E1EBFA90FC}.Release|Any CPU.ActiveCfg = Release|Any CPU
		{AA72BB6B-B65D-4F89-A8DB-90E1EBFA90FC}.Release|Any CPU.Build.0 = Release|Any CPU
		{D7F12427-69DF-47A7-902C-C5430BFA92B8}.Debug|Any CPU.ActiveCfg = Debug|Any CPU
		{D7F12427-69DF-47A7-902C-C5430BFA92B8}.Debug|Any CPU.Build.0 = Debug|Any CPU
		{D7F12427-69DF-47A7-902C-C5430BFA92B8}.Release|Any CPU.ActiveCfg = Release|Any CPU
		{D7F12427-69DF-47A7-902C-C5430BFA92B8}.Release|Any CPU.Build.0 = Release|Any CPU
		{EC32C650-F9DD-41D8-8896-3F2F09EB013D}.Debug|Any CPU.ActiveCfg = Debug|Any CPU
		{EC32C650-F9DD-41D8-8896-3F2F09EB013D}.Debug|Any CPU.Build.0 = Debug|Any CPU
		{EC32C650-F9DD-41D8-8896-3F2F09EB013D}.Release|Any CPU.ActiveCfg = Release|Any CPU
		{EC32C650-F9DD-41D8-8896-3F2F09EB013D}.Release|Any CPU.Build.0 = Release|Any CPU
	EndGlobalSection
	GlobalSection(SolutionProperties) = preSolution
		HideSolutionNode = FALSE
	EndGlobalSection
	GlobalSection(ExtensibilityGlobals) = postSolution
		SolutionGuid = {FF099CD9-F9C7-4A45-A823-4E5D14044991}
	EndGlobalSection
EndGlobal
